// !$*UTF8*$!
{
	archiveVersion = 1;
	classes = {
	};
	objectVersion = 46;
	objects = {

/* Begin PBXBuildFile section */
		225344001D5D467700037012 /* AppDelegate.swift in Sources */ = {isa = PBXBuildFile; fileRef = 225343FF1D5D467700037012 /* AppDelegate.swift */; };
		225344021D5D467700037012 /* ViewController.swift in Sources */ = {isa = PBXBuildFile; fileRef = 225344011D5D467700037012 /* ViewController.swift */; };
		225344051D5D467700037012 /* Main.storyboard in Resources */ = {isa = PBXBuildFile; fileRef = 225344031D5D467700037012 /* Main.storyboard */; };
		225344071D5D467700037012 /* Assets.xcassets in Resources */ = {isa = PBXBuildFile; fileRef = 225344061D5D467700037012 /* Assets.xcassets */; };
		2253440A1D5D467700037012 /* LaunchScreen.storyboard in Resources */ = {isa = PBXBuildFile; fileRef = 225344081D5D467700037012 /* LaunchScreen.storyboard */; };
		225344181D5D490400037012 /* Extensions.swift in Sources */ = {isa = PBXBuildFile; fileRef = 225344171D5D490400037012 /* Extensions.swift */; };
		2253441A1D5D495800037012 /* Config.swift in Sources */ = {isa = PBXBuildFile; fileRef = 225344191D5D495800037012 /* Config.swift */; };
		225344241D5D4C7400037012 /* GoogleMaps.framework in Frameworks */ = {isa = PBXBuildFile; fileRef = 225344211D5D4C7400037012 /* GoogleMaps.framework */; };
		225344251D5D4C7400037012 /* GoogleMapsBase.framework in Frameworks */ = {isa = PBXBuildFile; fileRef = 225344221D5D4C7400037012 /* GoogleMapsBase.framework */; };
		225344261D5D4C7400037012 /* GoogleMapsCore.framework in Frameworks */ = {isa = PBXBuildFile; fileRef = 225344231D5D4C7400037012 /* GoogleMapsCore.framework */; };
		225344281D5D4D0A00037012 /* GoogleMaps.bundle in Resources */ = {isa = PBXBuildFile; fileRef = 225344271D5D4D0A00037012 /* GoogleMaps.bundle */; };
		2253442A1D5D4D4700037012 /* Accelerate.framework in Frameworks */ = {isa = PBXBuildFile; fileRef = 225344291D5D4D4700037012 /* Accelerate.framework */; };
		2253442C1D5D4D4F00037012 /* CoreData.framework in Frameworks */ = {isa = PBXBuildFile; fileRef = 2253442B1D5D4D4F00037012 /* CoreData.framework */; };
		2253442E1D5D4D5700037012 /* CoreGraphics.framework in Frameworks */ = {isa = PBXBuildFile; fileRef = 2253442D1D5D4D5700037012 /* CoreGraphics.framework */; };
		225344301D5D4D5F00037012 /* CoreLocation.framework in Frameworks */ = {isa = PBXBuildFile; fileRef = 2253442F1D5D4D5F00037012 /* CoreLocation.framework */; };
		225344321D5D4D6700037012 /* CoreText.framework in Frameworks */ = {isa = PBXBuildFile; fileRef = 225344311D5D4D6700037012 /* CoreText.framework */; };
		225344341D5D4D7000037012 /* GLKit.framework in Frameworks */ = {isa = PBXBuildFile; fileRef = 225344331D5D4D7000037012 /* GLKit.framework */; };
		225344361D5D4D7700037012 /* ImageIO.framework in Frameworks */ = {isa = PBXBuildFile; fileRef = 225344351D5D4D7700037012 /* ImageIO.framework */; };
		225344381D5D4D7F00037012 /* libc++.tbd in Frameworks */ = {isa = PBXBuildFile; fileRef = 225344371D5D4D7F00037012 /* libc++.tbd */; };
		2253443A1D5D4D8800037012 /* libz.tbd in Frameworks */ = {isa = PBXBuildFile; fileRef = 225344391D5D4D8800037012 /* libz.tbd */; };
		2253443C1D5D4D8E00037012 /* OpenGLES.framework in Frameworks */ = {isa = PBXBuildFile; fileRef = 2253443B1D5D4D8E00037012 /* OpenGLES.framework */; };
		2253443E1D5D4D9500037012 /* QuartzCore.framework in Frameworks */ = {isa = PBXBuildFile; fileRef = 2253443D1D5D4D9500037012 /* QuartzCore.framework */; };
		225344401D5D4D9C00037012 /* SystemConfiguration.framework in Frameworks */ = {isa = PBXBuildFile; fileRef = 2253443F1D5D4D9C00037012 /* SystemConfiguration.framework */; };
		225344421D5D4DA300037012 /* UIKit.framework in Frameworks */ = {isa = PBXBuildFile; fileRef = 225344411D5D4DA300037012 /* UIKit.framework */; };
		225344441D5D4EC500037012 /* Constants.swift in Sources */ = {isa = PBXBuildFile; fileRef = 225344431D5D4EC500037012 /* Constants.swift */; };
		225344471D5D67FD00037012 /* Tools.swift in Sources */ = {isa = PBXBuildFile; fileRef = 225344461D5D67FD00037012 /* Tools.swift */; };
/* End PBXBuildFile section */

/* Begin PBXFileReference section */
		225343FC1D5D467600037012 /* Parkiller Demo.app */ = {isa = PBXFileReference; explicitFileType = wrapper.application; includeInIndex = 0; path = "Parkiller Demo.app"; sourceTree = BUILT_PRODUCTS_DIR; };
		225343FF1D5D467700037012 /* AppDelegate.swift */ = {isa = PBXFileReference; lastKnownFileType = sourcecode.swift; path = AppDelegate.swift; sourceTree = "<group>"; };
		225344011D5D467700037012 /* ViewController.swift */ = {isa = PBXFileReference; lastKnownFileType = sourcecode.swift; path = ViewController.swift; sourceTree = "<group>"; };
		225344041D5D467700037012 /* Base */ = {isa = PBXFileReference; lastKnownFileType = file.storyboard; name = Base; path = Base.lproj/Main.storyboard; sourceTree = "<group>"; };
		225344061D5D467700037012 /* Assets.xcassets */ = {isa = PBXFileReference; lastKnownFileType = folder.assetcatalog; path = Assets.xcassets; sourceTree = "<group>"; };
		225344091D5D467700037012 /* Base */ = {isa = PBXFileReference; lastKnownFileType = file.storyboard; name = Base; path = Base.lproj/LaunchScreen.storyboard; sourceTree = "<group>"; };
		2253440B1D5D467700037012 /* Info.plist */ = {isa = PBXFileReference; lastKnownFileType = text.plist.xml; path = Info.plist; sourceTree = "<group>"; };
		225344171D5D490400037012 /* Extensions.swift */ = {isa = PBXFileReference; fileEncoding = 4; lastKnownFileType = sourcecode.swift; name = Extensions.swift; path = Config/Extensions.swift; sourceTree = "<group>"; };
		225344191D5D495800037012 /* Config.swift */ = {isa = PBXFileReference; fileEncoding = 4; lastKnownFileType = sourcecode.swift; name = Config.swift; path = Config/Config.swift; sourceTree = "<group>"; };
		225344211D5D4C7400037012 /* GoogleMaps.framework */ = {isa = PBXFileReference; lastKnownFileType = wrapper.framework; name = GoogleMaps.framework; path = Frameworks/GoogleMaps.framework; sourceTree = "<group>"; };
		225344221D5D4C7400037012 /* GoogleMapsBase.framework */ = {isa = PBXFileReference; lastKnownFileType = wrapper.framework; name = GoogleMapsBase.framework; path = Frameworks/GoogleMapsBase.framework; sourceTree = "<group>"; };
		225344231D5D4C7400037012 /* GoogleMapsCore.framework */ = {isa = PBXFileReference; lastKnownFileType = wrapper.framework; name = GoogleMapsCore.framework; path = Frameworks/GoogleMapsCore.framework; sourceTree = "<group>"; };
		225344271D5D4D0A00037012 /* GoogleMaps.bundle */ = {isa = PBXFileReference; lastKnownFileType = "wrapper.plug-in"; name = GoogleMaps.bundle; path = Frameworks/GoogleMaps.framework/Versions/A/Resources/GoogleMaps.bundle; sourceTree = "<group>"; };
		225344291D5D4D4700037012 /* Accelerate.framework */ = {isa = PBXFileReference; lastKnownFileType = wrapper.framework; name = Accelerate.framework; path = System/Library/Frameworks/Accelerate.framework; sourceTree = SDKROOT; };
		2253442B1D5D4D4F00037012 /* CoreData.framework */ = {isa = PBXFileReference; lastKnownFileType = wrapper.framework; name = CoreData.framework; path = System/Library/Frameworks/CoreData.framework; sourceTree = SDKROOT; };
		2253442D1D5D4D5700037012 /* CoreGraphics.framework */ = {isa = PBXFileReference; lastKnownFileType = wrapper.framework; name = CoreGraphics.framework; path = System/Library/Frameworks/CoreGraphics.framework; sourceTree = SDKROOT; };
		2253442F1D5D4D5F00037012 /* CoreLocation.framework */ = {isa = PBXFileReference; lastKnownFileType = wrapper.framework; name = CoreLocation.framework; path = System/Library/Frameworks/CoreLocation.framework; sourceTree = SDKROOT; };
		225344311D5D4D6700037012 /* CoreText.framework */ = {isa = PBXFileReference; lastKnownFileType = wrapper.framework; name = CoreText.framework; path = System/Library/Frameworks/CoreText.framework; sourceTree = SDKROOT; };
		225344331D5D4D7000037012 /* GLKit.framework */ = {isa = PBXFileReference; lastKnownFileType = wrapper.framework; name = GLKit.framework; path = System/Library/Frameworks/GLKit.framework; sourceTree = SDKROOT; };
		225344351D5D4D7700037012 /* ImageIO.framework */ = {isa = PBXFileReference; lastKnownFileType = wrapper.framework; name = ImageIO.framework; path = System/Library/Frameworks/ImageIO.framework; sourceTree = SDKROOT; };
		225344371D5D4D7F00037012 /* libc++.tbd */ = {isa = PBXFileReference; lastKnownFileType = "sourcecode.text-based-dylib-definition"; name = "libc++.tbd"; path = "usr/lib/libc++.tbd"; sourceTree = SDKROOT; };
		225344391D5D4D8800037012 /* libz.tbd */ = {isa = PBXFileReference; lastKnownFileType = "sourcecode.text-based-dylib-definition"; name = libz.tbd; path = usr/lib/libz.tbd; sourceTree = SDKROOT; };
		2253443B1D5D4D8E00037012 /* OpenGLES.framework */ = {isa = PBXFileReference; lastKnownFileType = wrapper.framework; name = OpenGLES.framework; path = System/Library/Frameworks/OpenGLES.framework; sourceTree = SDKROOT; };
		2253443D1D5D4D9500037012 /* QuartzCore.framework */ = {isa = PBXFileReference; lastKnownFileType = wrapper.framework; name = QuartzCore.framework; path = System/Library/Frameworks/QuartzCore.framework; sourceTree = SDKROOT; };
		2253443F1D5D4D9C00037012 /* SystemConfiguration.framework */ = {isa = PBXFileReference; lastKnownFileType = wrapper.framework; name = SystemConfiguration.framework; path = System/Library/Frameworks/SystemConfiguration.framework; sourceTree = SDKROOT; };
		225344411D5D4DA300037012 /* UIKit.framework */ = {isa = PBXFileReference; lastKnownFileType = wrapper.framework; name = UIKit.framework; path = System/Library/Frameworks/UIKit.framework; sourceTree = SDKROOT; };
		225344431D5D4EC500037012 /* Constants.swift */ = {isa = PBXFileReference; fileEncoding = 4; lastKnownFileType = sourcecode.swift; name = Constants.swift; path = Config/Constants.swift; sourceTree = "<group>"; };
		225344461D5D67FD00037012 /* Tools.swift */ = {isa = PBXFileReference; fileEncoding = 4; lastKnownFileType = sourcecode.swift; name = Tools.swift; path = Utilities/Tools.swift; sourceTree = "<group>"; };
/* End PBXFileReference section */

/* Begin PBXFrameworksBuildPhase section */
		225343F91D5D467600037012 /* Frameworks */ = {
			isa = PBXFrameworksBuildPhase;
			buildActionMask = 2147483647;
			files = (
				225344421D5D4DA300037012 /* UIKit.framework in Frameworks */,
				225344401D5D4D9C00037012 /* SystemConfiguration.framework in Frameworks */,
				2253443E1D5D4D9500037012 /* QuartzCore.framework in Frameworks */,
				2253443C1D5D4D8E00037012 /* OpenGLES.framework in Frameworks */,
				2253443A1D5D4D8800037012 /* libz.tbd in Frameworks */,
				225344381D5D4D7F00037012 /* libc++.tbd in Frameworks */,
				225344361D5D4D7700037012 /* ImageIO.framework in Frameworks */,
				225344341D5D4D7000037012 /* GLKit.framework in Frameworks */,
				225344321D5D4D6700037012 /* CoreText.framework in Frameworks */,
				225344301D5D4D5F00037012 /* CoreLocation.framework in Frameworks */,
				2253442E1D5D4D5700037012 /* CoreGraphics.framework in Frameworks */,
				2253442C1D5D4D4F00037012 /* CoreData.framework in Frameworks */,
				2253442A1D5D4D4700037012 /* Accelerate.framework in Frameworks */,
				225344241D5D4C7400037012 /* GoogleMaps.framework in Frameworks */,
				225344261D5D4C7400037012 /* GoogleMapsCore.framework in Frameworks */,
				225344251D5D4C7400037012 /* GoogleMapsBase.framework in Frameworks */,
			);
			runOnlyForDeploymentPostprocessing = 0;
		};
/* End PBXFrameworksBuildPhase section */

/* Begin PBXGroup section */
		225343F31D5D467600037012 = {
			isa = PBXGroup;
			children = (
				225343FE1D5D467700037012 /* Parkiller Demo */,
				225344161D5D476F00037012 /* Frameworks */,
				225343FD1D5D467600037012 /* Products */,
			);
			sourceTree = "<group>";
		};
		225343FD1D5D467600037012 /* Products */ = {
			isa = PBXGroup;
			children = (
				225343FC1D5D467600037012 /* Parkiller Demo.app */,
			);
			name = Products;
			sourceTree = "<group>";
		};
		225343FE1D5D467700037012 /* Parkiller Demo */ = {
			isa = PBXGroup;
			children = (
				225344131D5D469500037012 /* Config */,
				225344141D5D46DC00037012 /* Utilities */,
				225343FF1D5D467700037012 /* AppDelegate.swift */,
				225344011D5D467700037012 /* ViewController.swift */,
				225344031D5D467700037012 /* Main.storyboard */,
				225344081D5D467700037012 /* LaunchScreen.storyboard */,
				225344061D5D467700037012 /* Assets.xcassets */,
				2253440B1D5D467700037012 /* Info.plist */,
			);
			path = "Parkiller Demo";
			sourceTree = "<group>";
		};
		225344131D5D469500037012 /* Config */ = {
			isa = PBXGroup;
			children = (
				225344191D5D495800037012 /* Config.swift */,
				225344171D5D490400037012 /* Extensions.swift */,
				225344431D5D4EC500037012 /* Constants.swift */,
			);
			name = Config;
			sourceTree = "<group>";
		};
		225344141D5D46DC00037012 /* Utilities */ = {
			isa = PBXGroup;
			children = (
				225344461D5D67FD00037012 /* Tools.swift */,
			);
			name = Utilities;
			sourceTree = "<group>";
		};
		225344161D5D476F00037012 /* Frameworks */ = {
			isa = PBXGroup;
			children = (
				225344411D5D4DA300037012 /* UIKit.framework */,
				2253443F1D5D4D9C00037012 /* SystemConfiguration.framework */,
				2253443D1D5D4D9500037012 /* QuartzCore.framework */,
				2253443B1D5D4D8E00037012 /* OpenGLES.framework */,
				225344391D5D4D8800037012 /* libz.tbd */,
				225344371D5D4D7F00037012 /* libc++.tbd */,
				225344351D5D4D7700037012 /* ImageIO.framework */,
				225344331D5D4D7000037012 /* GLKit.framework */,
				225344311D5D4D6700037012 /* CoreText.framework */,
				2253442F1D5D4D5F00037012 /* CoreLocation.framework */,
				2253442D1D5D4D5700037012 /* CoreGraphics.framework */,
				2253442B1D5D4D4F00037012 /* CoreData.framework */,
				225344291D5D4D4700037012 /* Accelerate.framework */,
				225344271D5D4D0A00037012 /* GoogleMaps.bundle */,
				225344211D5D4C7400037012 /* GoogleMaps.framework */,
				225344221D5D4C7400037012 /* GoogleMapsBase.framework */,
				225344231D5D4C7400037012 /* GoogleMapsCore.framework */,
			);
			name = Frameworks;
			path = "Parkiller Demo";
			sourceTree = "<group>";
		};
/* End PBXGroup section */

/* Begin PBXNativeTarget section */
		225343FB1D5D467600037012 /* Parkiller Demo */ = {
			isa = PBXNativeTarget;
			buildConfigurationList = 2253440E1D5D467700037012 /* Build configuration list for PBXNativeTarget "Parkiller Demo" */;
			buildPhases = (
				225343F81D5D467600037012 /* Sources */,
				225343F91D5D467600037012 /* Frameworks */,
				225343FA1D5D467600037012 /* Resources */,
			);
			buildRules = (
			);
			dependencies = (
			);
			name = "Parkiller Demo";
			productName = "Parkiller Demo";
			productReference = 225343FC1D5D467600037012 /* Parkiller Demo.app */;
			productType = "com.apple.product-type.application";
		};
/* End PBXNativeTarget section */

/* Begin PBXProject section */
		225343F41D5D467600037012 /* Project object */ = {
			isa = PBXProject;
			attributes = {
				LastSwiftUpdateCheck = 0730;
				LastUpgradeCheck = 0730;
				ORGANIZATIONNAME = jsolalla;
				TargetAttributes = {
					225343FB1D5D467600037012 = {
						CreatedOnToolsVersion = 7.3.1;
						SystemCapabilities = {
							com.apple.BackgroundModes = {
								enabled = 1;
							};
						};
					};
				};
			};
			buildConfigurationList = 225343F71D5D467600037012 /* Build configuration list for PBXProject "Parkiller Demo" */;
			compatibilityVersion = "Xcode 3.2";
			developmentRegion = English;
			hasScannedForEncodings = 0;
			knownRegions = (
				en,
				Base,
			);
			mainGroup = 225343F31D5D467600037012;
			productRefGroup = 225343FD1D5D467600037012 /* Products */;
			projectDirPath = "";
			projectRoot = "";
			targets = (
				225343FB1D5D467600037012 /* Parkiller Demo */,
			);
		};
/* End PBXProject section */

/* Begin PBXResourcesBuildPhase section */
		225343FA1D5D467600037012 /* Resources */ = {
			isa = PBXResourcesBuildPhase;
			buildActionMask = 2147483647;
			files = (
				2253440A1D5D467700037012 /* LaunchScreen.storyboard in Resources */,
				225344071D5D467700037012 /* Assets.xcassets in Resources */,
				225344051D5D467700037012 /* Main.storyboard in Resources */,
				225344281D5D4D0A00037012 /* GoogleMaps.bundle in Resources */,
			);
			runOnlyForDeploymentPostprocessing = 0;
		};
/* End PBXResourcesBuildPhase section */

/* Begin PBXSourcesBuildPhase section */
		225343F81D5D467600037012 /* Sources */ = {
			isa = PBXSourcesBuildPhase;
			buildActionMask = 2147483647;
			files = (
				225344441D5D4EC500037012 /* Constants.swift in Sources */,
				225344021D5D467700037012 /* ViewController.swift in Sources */,
				2253441A1D5D495800037012 /* Config.swift in Sources */,
				225344471D5D67FD00037012 /* Tools.swift in Sources */,
				225344181D5D490400037012 /* Extensions.swift in Sources */,
				225344001D5D467700037012 /* AppDelegate.swift in Sources */,
			);
			runOnlyForDeploymentPostprocessing = 0;
		};
/* End PBXSourcesBuildPhase section */

/* Begin PBXVariantGroup section */
		225344031D5D467700037012 /* Main.storyboard */ = {
			isa = PBXVariantGroup;
			children = (
				225344041D5D467700037012 /* Base */,
			);
			name = Main.storyboard;
			sourceTree = "<group>";
		};
		225344081D5D467700037012 /* LaunchScreen.storyboard */ = {
			isa = PBXVariantGroup;
			children = (
				225344091D5D467700037012 /* Base */,
			);
			name = LaunchScreen.storyboard;
			sourceTree = "<group>";
		};
/* End PBXVariantGroup section */

/* Begin XCBuildConfiguration section */
		2253440C1D5D467700037012 /* Debug */ = {
			isa = XCBuildConfiguration;
			buildSettings = {
				ALWAYS_SEARCH_USER_PATHS = NO;
				CLANG_ANALYZER_NONNULL = YES;
				CLANG_CXX_LANGUAGE_STANDARD = "gnu++0x";
				CLANG_CXX_LIBRARY = "libc++";
				CLANG_ENABLE_MODULES = YES;
				CLANG_ENABLE_OBJC_ARC = YES;
				CLANG_WARN_BOOL_CONVERSION = YES;
				CLANG_WARN_CONSTANT_CONVERSION = YES;
				CLANG_WARN_DIRECT_OBJC_ISA_USAGE = YES_ERROR;
				CLANG_WARN_EMPTY_BODY = YES;
				CLANG_WARN_ENUM_CONVERSION = YES;
				CLANG_WARN_INT_CONVERSION = YES;
				CLANG_WARN_OBJC_ROOT_CLASS = YES_ERROR;
				CLANG_WARN_UNREACHABLE_CODE = YES;
				CLANG_WARN__DUPLICATE_METHOD_MATCH = YES;
				"CODE_SIGN_IDENTITY[sdk=iphoneos*]" = "iPhone Developer";
				COPY_PHASE_STRIP = NO;
				DEBUG_INFORMATION_FORMAT = dwarf;
				ENABLE_STRICT_OBJC_MSGSEND = YES;
				ENABLE_TESTABILITY = YES;
				GCC_C_LANGUAGE_STANDARD = gnu99;
				GCC_DYNAMIC_NO_PIC = NO;
				GCC_NO_COMMON_BLOCKS = YES;
				GCC_OPTIMIZATION_LEVEL = 0;
				GCC_PREPROCESSOR_DEFINITIONS = (
					"DEBUG=1",
					"$(inherited)",
				);
				GCC_WARN_64_TO_32_BIT_CONVERSION = YES;
				GCC_WARN_ABOUT_RETURN_TYPE = YES_ERROR;
				GCC_WARN_UNDECLARED_SELECTOR = YES;
				GCC_WARN_UNINITIALIZED_AUTOS = YES_AGGRESSIVE;
				GCC_WARN_UNUSED_FUNCTION = YES;
				GCC_WARN_UNUSED_VARIABLE = YES;
				IPHONEOS_DEPLOYMENT_TARGET = 9.0;
				MTL_ENABLE_DEBUG_INFO = YES;
				ONLY_ACTIVE_ARCH = YES;
				OTHER_LDFLAGS = "-ObjC";
				"OTHER_LDFLAGS[arch=*]" = "-ObjC";
				SDKROOT = iphoneos;
				SWIFT_OPTIMIZATION_LEVEL = "-Onone";
			};
			name = Debug;
		};
		2253440D1D5D467700037012 /* Release */ = {
			isa = XCBuildConfiguration;
			buildSettings = {
				ALWAYS_SEARCH_USER_PATHS = NO;
				CLANG_ANALYZER_NONNULL = YES;
				CLANG_CXX_LANGUAGE_STANDARD = "gnu++0x";
				CLANG_CXX_LIBRARY = "libc++";
				CLANG_ENABLE_MODULES = YES;
				CLANG_ENABLE_OBJC_ARC = YES;
				CLANG_WARN_BOOL_CONVERSION = YES;
				CLANG_WARN_CONSTANT_CONVERSION = YES;
				CLANG_WARN_DIRECT_OBJC_ISA_USAGE = YES_ERROR;
				CLANG_WARN_EMPTY_BODY = YES;
				CLANG_WARN_ENUM_CONVERSION = YES;
				CLANG_WARN_INT_CONVERSION = YES;
				CLANG_WARN_OBJC_ROOT_CLASS = YES_ERROR;
				CLANG_WARN_UNREACHABLE_CODE = YES;
				CLANG_WARN__DUPLICATE_METHOD_MATCH = YES;
				"CODE_SIGN_IDENTITY[sdk=iphoneos*]" = "iPhone Developer";
				COPY_PHASE_STRIP = NO;
				DEBUG_INFORMATION_FORMAT = "dwarf-with-dsym";
				ENABLE_NS_ASSERTIONS = NO;
				ENABLE_STRICT_OBJC_MSGSEND = YES;
				GCC_C_LANGUAGE_STANDARD = gnu99;
				GCC_NO_COMMON_BLOCKS = YES;
				GCC_WARN_64_TO_32_BIT_CONVERSION = YES;
				GCC_WARN_ABOUT_RETURN_TYPE = YES_ERROR;
				GCC_WARN_UNDECLARED_SELECTOR = YES;
				GCC_WARN_UNINITIALIZED_AUTOS = YES_AGGRESSIVE;
				GCC_WARN_UNUSED_FUNCTION = YES;
				GCC_WARN_UNUSED_VARIABLE = YES;
				IPHONEOS_DEPLOYMENT_TARGET = 9.0;
				MTL_ENABLE_DEBUG_INFO = NO;
				SDKROOT = iphoneos;
				VALIDATE_PRODUCT = YES;
			};
			name = Release;
		};
		2253440F1D5D467700037012 /* Debug */ = {
			isa = XCBuildConfiguration;
			buildSettings = {
				ASSETCATALOG_COMPILER_APPICON_NAME = AppIcon;
				FRAMEWORK_SEARCH_PATHS = (
					"$(inherited)",
					"$(PROJECT_DIR)/Parkiller",
					Demo,
					"$(PROJECT_DIR)/Parkiller",
					Demo/Frameworks,
				);
				INFOPLIST_FILE = "Parkiller Demo/Info.plist";
				LD_RUNPATH_SEARCH_PATHS = "$(inherited) @executable_path/Frameworks";
				PRODUCT_BUNDLE_IDENTIFIER = "com.jsolalla.Parkiller-Demo";
				PRODUCT_NAME = "$(TARGET_NAME)";
			};
			name = Debug;
		};
		225344101D5D467700037012 /* Release */ = {
			isa = XCBuildConfiguration;
			buildSettings = {
				ASSETCATALOG_COMPILER_APPICON_NAME = AppIcon;
				FRAMEWORK_SEARCH_PATHS = (
					"$(inherited)",
					"$(PROJECT_DIR)/Parkiller",
					Demo,
					"$(PROJECT_DIR)/Parkiller",
					Demo/Frameworks,
				);
				INFOPLIST_FILE = "Parkiller Demo/Info.plist";
				LD_RUNPATH_SEARCH_PATHS = "$(inherited) @executable_path/Frameworks";
				PRODUCT_BUNDLE_IDENTIFIER = "com.jsolalla.Parkiller-Demo";
				PRODUCT_NAME = "$(TARGET_NAME)";
			};
			name = Release;
		};
/* End XCBuildConfiguration section */

/* Begin XCConfigurationList section */
		225343F71D5D467600037012 /* Build configuration list for PBXProject "Parkiller Demo" */ = {
			isa = XCConfigurationList;
			buildConfigurations = (
				2253440C1D5D467700037012 /* Debug */,
				2253440D1D5D467700037012 /* Release */,
			);
			defaultConfigurationIsVisible = 0;
			defaultConfigurationName = Release;
		};
		2253440E1D5D467700037012 /* Build configuration list for PBXNativeTarget "Parkiller Demo" */ = {
			isa = XCConfigurationList;
			buildConfigurations = (
				2253440F1D5D467700037012 /* Debug */,
				225344101D5D467700037012 /* Release */,
			);
			defaultConfigurationIsVisible = 0;
		};
/* End XCConfigurationList section */
	};
	rootObject = 225343F41D5D467600037012 /* Project object */;
}
